# THIS IS AN AUTOGENERATED FILE. DO NOT EDIT THIS FILE DIRECTLY.
# yarn lockfile v1


"@coreui/coreui-free-bootstrap-admin-template@https://github.com/coreui/coreui-free-bootstrap-admin-template.git":
  version "2.1.1"
  resolved "https://github.com/coreui/coreui-free-bootstrap-admin-template.git#7210f054036504297db8b8e1de4df8857cef11e8"
  dependencies:
    "@coreui/coreui" "2.0.4"
    "@coreui/coreui-plugin-chartjs-custom-tooltips" "1.2.0"
    "@coreui/icons" "0.3.0"
    bootstrap "4.1.2"
    chart.js "^2.7.2"
    flag-icon-css "3.0.0"
    font-awesome "4.7.0"
    jquery "3.3.1"
    pace-progress "1.0.2"
    perfect-scrollbar "1.4.0"
    popper.js "1.14.3"
    simple-line-icons "2.4.1"

"@coreui/coreui-plugin-chartjs-custom-tooltips@1.2.0":
  version "1.2.0"
  resolved "https://registry.yarnpkg.com/@coreui/coreui-plugin-chartjs-custom-tooltips/-/coreui-plugin-chartjs-custom-tooltips-1.2.0.tgz#de251422454edbba6ba925da451cfecdf9b48b22"
  dependencies:
    ms "^2.1.1"

"@coreui/coreui-plugin-npm-postinstall@^1.0.2":
  version "1.0.2"
  resolved "https://registry.yarnpkg.com/@coreui/coreui-plugin-npm-postinstall/-/coreui-plugin-npm-postinstall-1.0.2.tgz#6daeb2ec786580d9c0849b05bc3e8d0222d5c463"

"@coreui/coreui@2.0.4":
  version "2.0.4"
  resolved "https://registry.yarnpkg.com/@coreui/coreui/-/coreui-2.0.4.tgz#30afdbc86ec2c4672e21625ab192fc34439c16ed"
  dependencies:
    "@coreui/coreui-plugin-npm-postinstall" "^1.0.2"
    bootstrap "^4.1.2"

"@coreui/icons@0.3.0":
  version "0.3.0"
  resolved "https://registry.yarnpkg.com/@coreui/icons/-/icons-0.3.0.tgz#d5bece91b1442a9543593d1146bc8042b18489e3"

almond@~0.3.1:
  version "0.3.3"
  resolved "https://registry.yarnpkg.com/almond/-/almond-0.3.3.tgz#a0e7c95ac7624d6417b4494b1e68bff693168a20"

ansi-styles@^3.2.1:
  version "3.2.1"
  resolved "https://registry.yarnpkg.com/ansi-styles/-/ansi-styles-3.2.1.tgz#41fbb20243e50b12be0f04b8dedbf07520ce841d"
  dependencies:
    color-convert "^1.9.0"

bootstrap@4.1.2:
  version "4.1.2"
  resolved "https://registry.yarnpkg.com/bootstrap/-/bootstrap-4.1.2.tgz#aee2a93472e61c471fc79fb475531dcbc87de326"

bootstrap@^4.1.2:
  version "4.1.3"
  resolved "https://registry.yarnpkg.com/bootstrap/-/bootstrap-4.1.3.tgz#0eb371af2c8448e8c210411d0cb824a6409a12be"

chalk@^2.4.1:
  version "2.4.1"
  resolved "https://registry.yarnpkg.com/chalk/-/chalk-2.4.1.tgz#18c49ab16a037b6eb0152cc83e3471338215b66e"
  dependencies:
    ansi-styles "^3.2.1"
    escape-string-regexp "^1.0.5"
    supports-color "^5.3.0"

chart.js@^2.7.2:
  version "2.7.2"
  resolved "https://registry.yarnpkg.com/chart.js/-/chart.js-2.7.2.tgz#3c9fde4dc5b95608211bdefeda7e5d33dffa5714"
  dependencies:
    chartjs-color "^2.1.0"
    moment "^2.10.2"

chartjs-color-string@^0.5.0:
  version "0.5.0"
  resolved "https://registry.yarnpkg.com/chartjs-color-string/-/chartjs-color-string-0.5.0.tgz#8d3752d8581d86687c35bfe2cb80ac5213ceb8c1"
  dependencies:
    color-name "^1.0.0"

chartjs-color@^2.1.0:
  version "2.2.0"
  resolved "https://registry.yarnpkg.com/chartjs-color/-/chartjs-color-2.2.0.tgz#84a2fb755787ed85c39dd6dd8c7b1d88429baeae"
  dependencies:
    chartjs-color-string "^0.5.0"
    color-convert "^0.5.3"

color-convert@^0.5.3:
  version "0.5.3"
  resolved "https://registry.yarnpkg.com/color-convert/-/color-convert-0.5.3.tgz#bdb6c69ce660fadffe0b0007cc447e1b9f7282bd"

color-convert@^1.9.0:
  version "1.9.2"
  resolved "https://registry.yarnpkg.com/color-convert/-/color-convert-1.9.2.tgz#49881b8fba67df12a96bdf3f56c0aab9e7913147"
  dependencies:
    color-name "1.1.1"

color-name@1.1.1:
  version "1.1.1"
  resolved "https://registry.yarnpkg.com/color-name/-/color-name-1.1.1.tgz#4b1415304cf50028ea81643643bd82ea05803689"

color-name@^1.0.0:
  version "1.1.3"
  resolved "https://registry.yarnpkg.com/color-name/-/color-name-1.1.3.tgz#a7d0558bd89c42f795dd42328f740831ca53bc25"

escape-string-regexp@^1.0.5:
  version "1.0.5"
  resolved "https://registry.yarnpkg.com/escape-string-regexp/-/escape-string-regexp-1.0.5.tgz#1b61c0562190a8dff6ae3bb2cf0200ca130b86d4"

flag-icon-css@3.0.0:
  version "3.0.0"
  resolved "https://registry.yarnpkg.com/flag-icon-css/-/flag-icon-css-3.0.0.tgz#a67cb3913973e38a8117e738ebbe9081049d8127"

font-awesome@4.7.0:
  version "4.7.0"
  resolved "https://registry.yarnpkg.com/font-awesome/-/font-awesome-4.7.0.tgz#8fa8cf0411a1a31afd07b06d2902bb9fc815a133"

has-flag@^3.0.0:
  version "3.0.0"
  resolved "https://registry.yarnpkg.com/has-flag/-/has-flag-3.0.0.tgz#b5d454dc2199ae225699f3467e5a07f3b955bafd"

jquery-mousewheel@~3.1.13:
  version "3.1.13"
  resolved "https://registry.yarnpkg.com/jquery-mousewheel/-/jquery-mousewheel-3.1.13.tgz#06f0335f16e353a695e7206bf50503cb523a6ee5"

jquery.maskedinput@^1.4.1:
  version "1.4.1"
  resolved "https://registry.yarnpkg.com/jquery.maskedinput/-/jquery.maskedinput-1.4.1.tgz#3ea8f4cdc4eafce7354c27b66a73d0f44defc327"

jquery@3.3.1, jquery@>=1.12.0:
  version "3.3.1"
  resolved "https://registry.yarnpkg.com/jquery/-/jquery-3.3.1.tgz#958ce29e81c9790f31be7792df5d4d95fc57fbca"

moment@^2.10.2:
  version "2.22.2"
  resolved "https://registry.yarnpkg.com/moment/-/moment-2.22.2.tgz#3c257f9839fc0e93ff53149632239eb90783ff66"

ms@^2.1.1:
  version "2.1.1"
  resolved "https://registry.yarnpkg.com/ms/-/ms-2.1.1.tgz#30a5864eb3ebb0a66f2ebe6d727af06a09d86e0a"

pace-progress@1.0.2:
  version "1.0.2"
  resolved "https://registry.yarnpkg.com/pace-progress/-/pace-progress-1.0.2.tgz#fdc565c57dd91725a3167b360bf2578d3c3b548d"

perfect-scrollbar@1.4.0:
  version "1.4.0"
  resolved "https://registry.yarnpkg.com/perfect-scrollbar/-/perfect-scrollbar-1.4.0.tgz#5d014ef9775e1f43058a1dbae9ed1daf0e7091f1"

popper.js@1.14.3:
  version "1.14.3"
  resolved "https://registry.yarnpkg.com/popper.js/-/popper.js-1.14.3.tgz#1438f98d046acf7b4d78cd502bf418ac64d4f095"

select2@^4.0.6-rc.1:
  version "4.0.6-rc.1"
  resolved "https://registry.yarnpkg.com/select2/-/select2-4.0.6-rc.1.tgz#aa6c3038a7f0f2e91ffade38f0a21c15e1813276"
  dependencies:
    almond "~0.3.1"
    jquery-mousewheel "~3.1.13"

simple-line-icons@2.4.1:
  version "2.4.1"
  resolved "https://registry.yarnpkg.com/simple-line-icons/-/simple-line-icons-2.4.1.tgz#b75bc5a0d87e530928c2ccda5735274bb256f234"

supports-color@^5.3.0:
  version "5.4.0"
  resolved "https://registry.yarnpkg.com/supports-color/-/supports-color-5.4.0.tgz#1c6b337402c2137605efe19f10fec390f6faab54"
  dependencies:
    has-flag "^3.0.0"

toastr@^2.1.4:
  version "2.1.4"
  resolved "https://registry.yarnpkg.com/toastr/-/toastr-2.1.4.tgz#8b43be64fb9d0c414871446f2db8e8ca4e95f181"
  dependencies:
    jquery ">=1.12.0"
